
Microsoft Visual Studio Solution File, Format Version 12.00
# Visual Studio 2012
Project("{FAE04EC0-301F-11D3-BF4B-00C04F79EFBC}") = "Monitor", "E:\Monitor\Monitor\Monitor.csproj", "{C1E2C9B3-A161-474C-8E31-E74224445700}"
EndProject
Project("{FAE04EC0-301F-11D3-BF4B-00C04F79EFBC}") = "AutoSizeDemo", "E:\Monitor\AutoSizeDemo\AutoSizeDemo.csproj", "{4B5D11D9-5DAE-47A9-A34D-9543F0A20589}"
EndProject
Project("{FAE04EC0-301F-11D3-BF4B-00C04F79EFBC}") = "MetroStyles", "E:\Monitor\MetroStyles\MetroStyles.csproj", "{0A7C47BD-3FAA-42E4-BC15-6FA2A2D5C7ED}"
EndProject
Project("{FAE04EC0-301F-11D3-BF4B-00C04F79EFBC}") = "EDSLot", "E:\Monitor\EDSLot\EDSLot.csproj", "{77BF0430-1A26-445D-BD47-DC077A688A4A}"
EndProject
Project("{FAE04EC0-301F-11D3-BF4B-00C04F79EFBC}") = "GenerateEDSData", "GenerateEDSData\GenerateEDSData.csproj", "{E2700D2B-2AE9-490F-9657-597BA42D4242}"
EndProject
Global
	GlobalSection(SolutionConfigurationPlatforms) = preSolution
		Debug|Any CPU = Debug|Any CPU
		Release|Any CPU = Release|Any CPU
	EndGlobalSection
	GlobalSection(ProjectConfigurationPlatforms) = postSolution
		{C1E2C9B3-A161-474C-8E31-E74224445700}.Debug|Any CPU.ActiveCfg = Debug|Any CPU
		{C1E2C9B3-A161-474C-8E31-E74224445700}.Debug|Any CPU.Build.0 = Debug|Any CPU
		{C1E2C9B3-A161-474C-8E31-E74224445700}.Release|Any CPU.ActiveCfg = Release|Any CPU
		{C1E2C9B3-A161-474C-8E31-E74224445700}.Release|Any CPU.Build.0 = Release|Any CPU
		{4B5D11D9-5DAE-47A9-A34D-9543F0A20589}.Debug|Any CPU.ActiveCfg = Debug|Any CPU
		{4B5D11D9-5DAE-47A9-A34D-9543F0A20589}.Debug|Any CPU.Build.0 = Debug|Any CPU
		{4B5D11D9-5DAE-47A9-A34D-9543F0A20589}.Release|Any CPU.ActiveCfg = Release|Any CPU
		{4B5D11D9-5DAE-47A9-A34D-9543F0A20589}.Release|Any CPU.Build.0 = Release|Any CPU
		{0A7C47BD-3FAA-42E4-BC15-6FA2A2D5C7ED}.Debug|Any CPU.ActiveCfg = Debug|Any CPU
		{0A7C47BD-3FAA-42E4-BC15-6FA2A2D5C7ED}.Debug|Any CPU.Build.0 = Debug|Any CPU
		{0A7C47BD-3FAA-42E4-BC15-6FA2A2D5C7ED}.Release|Any CPU.ActiveCfg = Release|Any CPU
		{0A7C47BD-3FAA-42E4-BC15-6FA2A2D5C7ED}.Release|Any CPU.Build.0 = Release|Any CPU
		{77BF0430-1A26-445D-BD47-DC077A688A4A}.Debug|Any CPU.ActiveCfg = Debug|Any CPU
		{77BF0430-1A26-445D-BD47-DC077A688A4A}.Debug|Any CPU.Build.0 = Debug|Any CPU
		{77BF0430-1A26-445D-BD47-DC077A688A4A}.Release|Any CPU.ActiveCfg = Release|Any CPU
		{77BF0430-1A26-445D-BD47-DC077A688A4A}.Release|Any CPU.Build.0 = Release|Any CPU
		{E2700D2B-2AE9-490F-9657-597BA42D4242}.Debug|Any CPU.ActiveCfg = Debug|Any CPU
		{E2700D2B-2AE9-490F-9657-597BA42D4242}.Debug|Any CPU.Build.0 = Debug|Any CPU
		{E2700D2B-2AE9-490F-9657-597BA42D4242}.Release|Any CPU.ActiveCfg = Release|Any CPU
		{E2700D2B-2AE9-490F-9657-597BA42D4242}.Release|Any CPU.Build.0 = Release|Any CPU
	EndGlobalSection
	GlobalSection(SolutionProperties) = preSolution
		HideSolutionNode = FALSE
	EndGlobalSection
EndGlobal
